// !$*UTF8*$!
{
	archiveVersion = 1;
	classes = {
	};
	objectVersion = 46;
	objects = {

/* Begin PBXBuildFile section */
		1CADB43E1B8108D300A4B053 /* MGSkunkView.m in Sources */ = {isa = PBXBuildFile; fileRef = 1CADB43D1B8108D300A4B053 /* MGSkunkView.m */; };
		1CADB4411B810AFD00A4B053 /* skunk-clip-art-skunk-6.png in Resources */ = {isa = PBXBuildFile; fileRef = 1CADB4401B810AFD00A4B053 /* skunk-clip-art-skunk-6.png */; };
		1CD800081B8043EE002E6108 /* MMDDFormatter.m in Sources */ = {isa = PBXBuildFile; fileRef = 1CD800071B8043EE002E6108 /* MMDDFormatter.m */; };
		1CD8000B1B804589002E6108 /* DollarFormatter.m in Sources */ = {isa = PBXBuildFile; fileRef = 1CD8000A1B804589002E6108 /* DollarFormatter.m */; };
		1CD8FFAC1B7EA705002E6108 /* AppDelegate.m in Sources */ = {isa = PBXBuildFile; fileRef = 1CD8FFAB1B7EA705002E6108 /* AppDelegate.m */; };
		1CD8FFAE1B7EA705002E6108 /* main.m in Sources */ = {isa = PBXBuildFile; fileRef = 1CD8FFAD1B7EA705002E6108 /* main.m */; };
		1CD8FFB11B7EA705002E6108 /* ViewController.m in Sources */ = {isa = PBXBuildFile; fileRef = 1CD8FFB01B7EA705002E6108 /* ViewController.m */; };
		1CD8FFB41B7EA705002E6108 /* GrappleSkunk.xcdatamodeld in Sources */ = {isa = PBXBuildFile; fileRef = 1CD8FFB21B7EA705002E6108 /* GrappleSkunk.xcdatamodeld */; };
		1CD8FFB61B7EA705002E6108 /* Images.xcassets in Resources */ = {isa = PBXBuildFile; fileRef = 1CD8FFB51B7EA705002E6108 /* Images.xcassets */; };
		1CD8FFB91B7EA705002E6108 /* Main.storyboard in Resources */ = {isa = PBXBuildFile; fileRef = 1CD8FFB71B7EA705002E6108 /* Main.storyboard */; };
		1CD8FFC51B7EA705002E6108 /* GrappleSkunkTests.m in Sources */ = {isa = PBXBuildFile; fileRef = 1CD8FFC41B7EA705002E6108 /* GrappleSkunkTests.m */; };
		1CD8FFD01B7EA7B9002E6108 /* MGGraphView.m in Sources */ = {isa = PBXBuildFile; fileRef = 1CD8FFCF1B7EA7B9002E6108 /* MGGraphView.m */; };
		1CD8FFDD1B7EB18B002E6108 /* SpotControlView.m in Sources */ = {isa = PBXBuildFile; fileRef = 1CD8FFD81B7EB18B002E6108 /* SpotControlView.m */; };
		1CD8FFDE1B7EB18B002E6108 /* SpotEntity.m in Sources */ = {isa = PBXBuildFile; fileRef = 1CD8FFDA1B7EB18B002E6108 /* SpotEntity.m */; };
		1CD8FFE51B7EBFE4002E6108 /* GraphMachine.m in Sources */ = {isa = PBXBuildFile; fileRef = 1CD8FFE41B7EBFE4002E6108 /* GraphMachine.m */; };
		1CD8FFE81B7ED4B6002E6108 /* GrappleSkunkEngine.m in Sources */ = {isa = PBXBuildFile; fileRef = 1CD8FFE71B7ED4B6002E6108 /* GrappleSkunkEngine.m */; };
		1CD8FFEB1B7ED8B8002E6108 /* stockprices.json in Resources */ = {isa = PBXBuildFile; fileRef = 1CD8FFEA1B7ED8B8002E6108 /* stockprices.json */; };
		1CD8FFF41B80022B002E6108 /* MovingSpotEntity.m in Sources */ = {isa = PBXBuildFile; fileRef = 1CD8FFF31B80022B002E6108 /* MovingSpotEntity.m */; };
		1CD8FFF71B8006FC002E6108 /* NSBezierPath+QuartzPath.m in Sources */ = {isa = PBXBuildFile; fileRef = 1CD8FFF61B8006FC002E6108 /* NSBezierPath+QuartzPath.m */; };
		1CD8FFF91B800786002E6108 /* QuartzCore.framework in Frameworks */ = {isa = PBXBuildFile; fileRef = 1CD8FFF81B800786002E6108 /* QuartzCore.framework */; };
		1CD8FFFC1B801A76002E6108 /* MainWindowController.m in Sources */ = {isa = PBXBuildFile; fileRef = 1CD8FFFB1B801A76002E6108 /* MainWindowController.m */; };
		1CD8FFFF1B802F89002E6108 /* PathFactory.m in Sources */ = {isa = PBXBuildFile; fileRef = 1CD8FFFE1B802F89002E6108 /* PathFactory.m */; };
/* End PBXBuildFile section */

/* Begin PBXContainerItemProxy section */
		1CD8FFBF1B7EA705002E6108 /* PBXContainerItemProxy */ = {
			isa = PBXContainerItemProxy;
			containerPortal = 1CD8FF9D1B7EA705002E6108 /* Project object */;
			proxyType = 1;
			remoteGlobalIDString = 1CD8FFA41B7EA705002E6108;
			remoteInfo = GrappleSkunk;
		};
/* End PBXContainerItemProxy section */

/* Begin PBXFileReference section */
		1CADB4351B804D6500A4B053 /* ValueFormatter.h */ = {isa = PBXFileReference; fileEncoding = 4; lastKnownFileType = sourcecode.c.h; path = ValueFormatter.h; sourceTree = "<group>"; };
		1CADB43C1B8108D300A4B053 /* MGSkunkView.h */ = {isa = PBXFileReference; fileEncoding = 4; lastKnownFileType = sourcecode.c.h; name = MGSkunkView.h; path = Classes/Skunkworks/MGSkunkView.h; sourceTree = "<group>"; };
		1CADB43D1B8108D300A4B053 /* MGSkunkView.m */ = {isa = PBXFileReference; fileEncoding = 4; lastKnownFileType = sourcecode.c.objc; name = MGSkunkView.m; path = Classes/Skunkworks/MGSkunkView.m; sourceTree = "<group>"; };
		1CADB4401B810AFD00A4B053 /* skunk-clip-art-skunk-6.png */ = {isa = PBXFileReference; lastKnownFileType = image.png; path = "skunk-clip-art-skunk-6.png"; sourceTree = "<group>"; };
		1CD800011B8036A5002E6108 /* GrappleSkunkConstants.h */ = {isa = PBXFileReference; fileEncoding = 4; lastKnownFileType = sourcecode.c.h; path = GrappleSkunkConstants.h; sourceTree = "<group>"; };
		1CD800061B8043EE002E6108 /* MMDDFormatter.h */ = {isa = PBXFileReference; fileEncoding = 4; lastKnownFileType = sourcecode.c.h; path = MMDDFormatter.h; sourceTree = "<group>"; };
		1CD800071B8043EE002E6108 /* MMDDFormatter.m */ = {isa = PBXFileReference; fileEncoding = 4; lastKnownFileType = sourcecode.c.objc; path = MMDDFormatter.m; sourceTree = "<group>"; };
		1CD800091B804589002E6108 /* DollarFormatter.h */ = {isa = PBXFileReference; fileEncoding = 4; lastKnownFileType = sourcecode.c.h; path = DollarFormatter.h; sourceTree = "<group>"; };
		1CD8000A1B804589002E6108 /* DollarFormatter.m */ = {isa = PBXFileReference; fileEncoding = 4; lastKnownFileType = sourcecode.c.objc; path = DollarFormatter.m; sourceTree = "<group>"; };
		1CD8FFA51B7EA705002E6108 /* GrappleSkunk.app */ = {isa = PBXFileReference; explicitFileType = wrapper.application; includeInIndex = 0; path = GrappleSkunk.app; sourceTree = BUILT_PRODUCTS_DIR; };
		1CD8FFA91B7EA705002E6108 /* Info.plist */ = {isa = PBXFileReference; lastKnownFileType = text.plist.xml; path = Info.plist; sourceTree = "<group>"; };
		1CD8FFAA1B7EA705002E6108 /* AppDelegate.h */ = {isa = PBXFileReference; lastKnownFileType = sourcecode.c.h; path = AppDelegate.h; sourceTree = "<group>"; };
		1CD8FFAB1B7EA705002E6108 /* AppDelegate.m */ = {isa = PBXFileReference; lastKnownFileType = sourcecode.c.objc; path = AppDelegate.m; sourceTree = "<group>"; };
		1CD8FFAD1B7EA705002E6108 /* main.m */ = {isa = PBXFileReference; lastKnownFileType = sourcecode.c.objc; path = main.m; sourceTree = "<group>"; };
		1CD8FFAF1B7EA705002E6108 /* ViewController.h */ = {isa = PBXFileReference; lastKnownFileType = sourcecode.c.h; path = ViewController.h; sourceTree = "<group>"; };
		1CD8FFB01B7EA705002E6108 /* ViewController.m */ = {isa = PBXFileReference; lastKnownFileType = sourcecode.c.objc; path = ViewController.m; sourceTree = "<group>"; };
		1CD8FFB31B7EA705002E6108 /* GrappleSkunk.xcdatamodel */ = {isa = PBXFileReference; lastKnownFileType = wrapper.xcdatamodel; path = GrappleSkunk.xcdatamodel; sourceTree = "<group>"; };
		1CD8FFB51B7EA705002E6108 /* Images.xcassets */ = {isa = PBXFileReference; lastKnownFileType = folder.assetcatalog; path = Images.xcassets; sourceTree = "<group>"; };
		1CD8FFB81B7EA705002E6108 /* Base */ = {isa = PBXFileReference; lastKnownFileType = file.storyboard; name = Base; path = Base.lproj/Main.storyboard; sourceTree = "<group>"; };
		1CD8FFBE1B7EA705002E6108 /* GrappleSkunkTests.xctest */ = {isa = PBXFileReference; explicitFileType = wrapper.cfbundle; includeInIndex = 0; path = GrappleSkunkTests.xctest; sourceTree = BUILT_PRODUCTS_DIR; };
		1CD8FFC31B7EA705002E6108 /* Info.plist */ = {isa = PBXFileReference; lastKnownFileType = text.plist.xml; path = Info.plist; sourceTree = "<group>"; };
		1CD8FFC41B7EA705002E6108 /* GrappleSkunkTests.m */ = {isa = PBXFileReference; lastKnownFileType = sourcecode.c.objc; path = GrappleSkunkTests.m; sourceTree = "<group>"; };
		1CD8FFCE1B7EA7B9002E6108 /* MGGraphView.h */ = {isa = PBXFileReference; fileEncoding = 4; lastKnownFileType = sourcecode.c.h; name = MGGraphView.h; path = Classes/MGGraphView.h; sourceTree = "<group>"; };
		1CD8FFCF1B7EA7B9002E6108 /* MGGraphView.m */ = {isa = PBXFileReference; explicitFileType = sourcecode.c.objc; fileEncoding = 4; name = MGGraphView.m; path = Classes/MGGraphView.m; sourceTree = "<group>"; };
		1CD8FFD71B7EB18B002E6108 /* SpotControlView.h */ = {isa = PBXFileReference; fileEncoding = 4; lastKnownFileType = sourcecode.c.h; name = SpotControlView.h; path = Classes/Spots/SpotControlView.h; sourceTree = "<group>"; };
		1CD8FFD81B7EB18B002E6108 /* SpotControlView.m */ = {isa = PBXFileReference; fileEncoding = 4; lastKnownFileType = sourcecode.c.objc; name = SpotControlView.m; path = Classes/Spots/SpotControlView.m; sourceTree = "<group>"; };
		1CD8FFD91B7EB18B002E6108 /* SpotEntity.h */ = {isa = PBXFileReference; fileEncoding = 4; lastKnownFileType = sourcecode.c.h; name = SpotEntity.h; path = Classes/Spots/SpotEntity.h; sourceTree = "<group>"; };
		1CD8FFDA1B7EB18B002E6108 /* SpotEntity.m */ = {isa = PBXFileReference; fileEncoding = 4; lastKnownFileType = sourcecode.c.objc; name = SpotEntity.m; path = Classes/Spots/SpotEntity.m; sourceTree = "<group>"; };
		1CD8FFE31B7EBFE4002E6108 /* GraphMachine.h */ = {isa = PBXFileReference; fileEncoding = 4; lastKnownFileType = sourcecode.c.h; name = GraphMachine.h; path = Classes/GraphMachine.h; sourceTree = "<group>"; };
		1CD8FFE41B7EBFE4002E6108 /* GraphMachine.m */ = {isa = PBXFileReference; explicitFileType = sourcecode.c.objc; fileEncoding = 4; name = GraphMachine.m; path = Classes/GraphMachine.m; sourceTree = "<group>"; };
		1CD8FFE61B7ED4B6002E6108 /* GrappleSkunkEngine.h */ = {isa = PBXFileReference; fileEncoding = 4; lastKnownFileType = sourcecode.c.h; name = GrappleSkunkEngine.h; path = Classes/GrappleSkunkEngine.h; sourceTree = "<group>"; };
		1CD8FFE71B7ED4B6002E6108 /* GrappleSkunkEngine.m */ = {isa = PBXFileReference; fileEncoding = 4; lastKnownFileType = sourcecode.c.objc; name = GrappleSkunkEngine.m; path = Classes/GrappleSkunkEngine.m; sourceTree = "<group>"; };
		1CD8FFEA1B7ED8B8002E6108 /* stockprices.json */ = {isa = PBXFileReference; fileEncoding = 4; lastKnownFileType = text.json; name = stockprices.json; path = "Test Data/stockprices.json"; sourceTree = "<group>"; };
		1CD8FFEF1B7FD6C7002E6108 /* DataPointDictionaryKeys.h */ = {isa = PBXFileReference; fileEncoding = 4; lastKnownFileType = sourcecode.c.h; path = DataPointDictionaryKeys.h; sourceTree = "<group>"; };
		1CD8FFF21B80022B002E6108 /* MovingSpotEntity.h */ = {isa = PBXFileReference; fileEncoding = 4; lastKnownFileType = sourcecode.c.h; name = MovingSpotEntity.h; path = Classes/Spots/MovingSpotEntity.h; sourceTree = "<group>"; };
		1CD8FFF31B80022B002E6108 /* MovingSpotEntity.m */ = {isa = PBXFileReference; fileEncoding = 4; lastKnownFileType = sourcecode.c.objc; name = MovingSpotEntity.m; path = Classes/Spots/MovingSpotEntity.m; sourceTree = "<group>"; };
		1CD8FFF51B8006FC002E6108 /* NSBezierPath+QuartzPath.h */ = {isa = PBXFileReference; fileEncoding = 4; lastKnownFileType = sourcecode.c.h; name = "NSBezierPath+QuartzPath.h"; path = "Categories/NSBezierPath+QuartzPath.h"; sourceTree = "<group>"; };
		1CD8FFF61B8006FC002E6108 /* NSBezierPath+QuartzPath.m */ = {isa = PBXFileReference; fileEncoding = 4; lastKnownFileType = sourcecode.c.objc; name = "NSBezierPath+QuartzPath.m"; path = "Categories/NSBezierPath+QuartzPath.m"; sourceTree = "<group>"; };
		1CD8FFF81B800786002E6108 /* QuartzCore.framework */ = {isa = PBXFileReference; lastKnownFileType = wrapper.framework; name = QuartzCore.framework; path = System/Library/Frameworks/QuartzCore.framework; sourceTree = SDKROOT; };
		1CD8FFFA1B801A76002E6108 /* MainWindowController.h */ = {isa = PBXFileReference; fileEncoding = 4; lastKnownFileType = sourcecode.c.h; path = MainWindowController.h; sourceTree = "<group>"; };
		1CD8FFFB1B801A76002E6108 /* MainWindowController.m */ = {isa = PBXFileReference; fileEncoding = 4; lastKnownFileType = sourcecode.c.objc; path = MainWindowController.m; sourceTree = "<group>"; };
		1CD8FFFD1B802F89002E6108 /* PathFactory.h */ = {isa = PBXFileReference; fileEncoding = 4; lastKnownFileType = sourcecode.c.h; name = PathFactory.h; path = Classes/PathFactory.h; sourceTree = "<group>"; };
		1CD8FFFE1B802F89002E6108 /* PathFactory.m */ = {isa = PBXFileReference; fileEncoding = 4; lastKnownFileType = sourcecode.c.objc; name = PathFactory.m; path = Classes/PathFactory.m; sourceTree = "<group>"; };
/* End PBXFileReference section */

/* Begin PBXFrameworksBuildPhase section */
		1CD8FFA21B7EA705002E6108 /* Frameworks */ = {
			isa = PBXFrameworksBuildPhase;
			buildActionMask = 2147483647;
			files = (
				1CD8FFF91B800786002E6108 /* QuartzCore.framework in Frameworks */,
			);
			runOnlyForDeploymentPostprocessing = 0;
		};
		1CD8FFBB1B7EA705002E6108 /* Frameworks */ = {
			isa = PBXFrameworksBuildPhase;
			buildActionMask = 2147483647;
			files = (
			);
			runOnlyForDeploymentPostprocessing = 0;
		};
/* End PBXFrameworksBuildPhase section */

/* Begin PBXGroup section */
		1CADB43B1B81088300A4B053 /* Skunkworks */ = {
			isa = PBXGroup;
			children = (
				1CADB43C1B8108D300A4B053 /* MGSkunkView.h */,
				1CADB43D1B8108D300A4B053 /* MGSkunkView.m */,
			);
			name = Skunkworks;
			sourceTree = "<group>";
		};
		1CADB43F1B810AFD00A4B053 /* Resources */ = {
			isa = PBXGroup;
			children = (
				1CADB4401B810AFD00A4B053 /* skunk-clip-art-skunk-6.png */,
			);
			path = Resources;
			sourceTree = "<group>";
		};
		1CD800041B804270002E6108 /* Value Formatters */ = {
			isa = PBXGroup;
			children = (
				1CD800061B8043EE002E6108 /* MMDDFormatter.h */,
				1CD800071B8043EE002E6108 /* MMDDFormatter.m */,
				1CD800091B804589002E6108 /* DollarFormatter.h */,
				1CD8000A1B804589002E6108 /* DollarFormatter.m */,
				1CADB4351B804D6500A4B053 /* ValueFormatter.h */,
			);
			name = "Value Formatters";
			path = "Classes/Value Formatters";
			sourceTree = "<group>";
		};
		1CD8FF9C1B7EA705002E6108 = {
			isa = PBXGroup;
			children = (
				1CD8FFF81B800786002E6108 /* QuartzCore.framework */,
				1CD8FFA71B7EA705002E6108 /* GrappleSkunk */,
				1CD8FFC11B7EA705002E6108 /* GrappleSkunkTests */,
				1CD8FFA61B7EA705002E6108 /* Products */,
			);
			sourceTree = "<group>";
		};
		1CD8FFA61B7EA705002E6108 /* Products */ = {
			isa = PBXGroup;
			children = (
				1CD8FFA51B7EA705002E6108 /* GrappleSkunk.app */,
				1CD8FFBE1B7EA705002E6108 /* GrappleSkunkTests.xctest */,
			);
			name = Products;
			sourceTree = "<group>";
		};
		1CD8FFA71B7EA705002E6108 /* GrappleSkunk */ = {
			isa = PBXGroup;
			children = (
				1CD800011B8036A5002E6108 /* GrappleSkunkConstants.h */,
				1CD8FFD51B7EAF5E002E6108 /* Classes */,
				1CD8FFD11B7EAF19002E6108 /* Categories */,
				1CD8FFAA1B7EA705002E6108 /* AppDelegate.h */,
				1CD8FFAB1B7EA705002E6108 /* AppDelegate.m */,
				1CD8FFAF1B7EA705002E6108 /* ViewController.h */,
				1CD8FFB01B7EA705002E6108 /* ViewController.m */,
				1CD8FFFA1B801A76002E6108 /* MainWindowController.h */,
				1CD8FFFB1B801A76002E6108 /* MainWindowController.m */,
				1CD8FFEF1B7FD6C7002E6108 /* DataPointDictionaryKeys.h */,
				1CD8FFB51B7EA705002E6108 /* Images.xcassets */,
				1CD8FFB71B7EA705002E6108 /* Main.storyboard */,
				1CD8FFB21B7EA705002E6108 /* GrappleSkunk.xcdatamodeld */,
				1CADB43F1B810AFD00A4B053 /* Resources */,
				1CD8FFA81B7EA705002E6108 /* Supporting Files */,
				1CD8FFE91B7ED8A6002E6108 /* Test Data */,
			);
			path = GrappleSkunk;
			sourceTree = "<group>";
		};
		1CD8FFA81B7EA705002E6108 /* Supporting Files */ = {
			isa = PBXGroup;
			children = (
				1CD8FFA91B7EA705002E6108 /* Info.plist */,
				1CD8FFAD1B7EA705002E6108 /* main.m */,
			);
			name = "Supporting Files";
			sourceTree = "<group>";
		};
		1CD8FFC11B7EA705002E6108 /* GrappleSkunkTests */ = {
			isa = PBXGroup;
			children = (
				1CD8FFC41B7EA705002E6108 /* GrappleSkunkTests.m */,
				1CD8FFC21B7EA705002E6108 /* Supporting Files */,
			);
			path = GrappleSkunkTests;
			sourceTree = "<group>";
		};
		1CD8FFC21B7EA705002E6108 /* Supporting Files */ = {
			isa = PBXGroup;
			children = (
				1CD8FFC31B7EA705002E6108 /* Info.plist */,
			);
			name = "Supporting Files";
			sourceTree = "<group>";
		};
		1CD8FFD11B7EAF19002E6108 /* Categories */ = {
			isa = PBXGroup;
			children = (
				1CD8FFF51B8006FC002E6108 /* NSBezierPath+QuartzPath.h */,
				1CD8FFF61B8006FC002E6108 /* NSBezierPath+QuartzPath.m */,
			);
			name = Categories;
			sourceTree = "<group>";
		};
		1CD8FFD51B7EAF5E002E6108 /* Classes */ = {
			isa = PBXGroup;
			children = (
				1CADB43B1B81088300A4B053 /* Skunkworks */,
				1CD800041B804270002E6108 /* Value Formatters */,
				1CD8FFD61B7EB178002E6108 /* Spots */,
				1CD8FFCE1B7EA7B9002E6108 /* MGGraphView.h */,
				1CD8FFCF1B7EA7B9002E6108 /* MGGraphView.m */,
				1CD8FFE31B7EBFE4002E6108 /* GraphMachine.h */,
				1CD8FFE41B7EBFE4002E6108 /* GraphMachine.m */,
				1CD8FFE61B7ED4B6002E6108 /* GrappleSkunkEngine.h */,
				1CD8FFE71B7ED4B6002E6108 /* GrappleSkunkEngine.m */,
				1CD8FFFD1B802F89002E6108 /* PathFactory.h */,
				1CD8FFFE1B802F89002E6108 /* PathFactory.m */,
			);
			name = Classes;
			sourceTree = "<group>";
		};
		1CD8FFD61B7EB178002E6108 /* Spots */ = {
			isa = PBXGroup;
			children = (
				1CD8FFD71B7EB18B002E6108 /* SpotControlView.h */,
				1CD8FFD81B7EB18B002E6108 /* SpotControlView.m */,
				1CD8FFD91B7EB18B002E6108 /* SpotEntity.h */,
				1CD8FFDA1B7EB18B002E6108 /* SpotEntity.m */,
				1CD8FFF21B80022B002E6108 /* MovingSpotEntity.h */,
				1CD8FFF31B80022B002E6108 /* MovingSpotEntity.m */,
			);
			name = Spots;
			sourceTree = "<group>";
		};
		1CD8FFE91B7ED8A6002E6108 /* Test Data */ = {
			isa = PBXGroup;
			children = (
				1CD8FFEA1B7ED8B8002E6108 /* stockprices.json */,
			);
			name = "Test Data";
			sourceTree = "<group>";
		};
/* End PBXGroup section */

/* Begin PBXNativeTarget section */
		1CD8FFA41B7EA705002E6108 /* GrappleSkunk */ = {
			isa = PBXNativeTarget;
			buildConfigurationList = 1CD8FFC81B7EA705002E6108 /* Build configuration list for PBXNativeTarget "GrappleSkunk" */;
			buildPhases = (
				1CD8FFA11B7EA705002E6108 /* Sources */,
				1CD8FFA21B7EA705002E6108 /* Frameworks */,
				1CD8FFA31B7EA705002E6108 /* Resources */,
			);
			buildRules = (
			);
			dependencies = (
			);
			name = GrappleSkunk;
			productName = GrappleSkunk;
			productReference = 1CD8FFA51B7EA705002E6108 /* GrappleSkunk.app */;
			productType = "com.apple.product-type.application";
		};
		1CD8FFBD1B7EA705002E6108 /* GrappleSkunkTests */ = {
			isa = PBXNativeTarget;
			buildConfigurationList = 1CD8FFCB1B7EA705002E6108 /* Build configuration list for PBXNativeTarget "GrappleSkunkTests" */;
			buildPhases = (
				1CD8FFBA1B7EA705002E6108 /* Sources */,
				1CD8FFBB1B7EA705002E6108 /* Frameworks */,
				1CD8FFBC1B7EA705002E6108 /* Resources */,
			);
			buildRules = (
			);
			dependencies = (
				1CD8FFC01B7EA705002E6108 /* PBXTargetDependency */,
			);
			name = GrappleSkunkTests;
			productName = GrappleSkunkTests;
			productReference = 1CD8FFBE1B7EA705002E6108 /* GrappleSkunkTests.xctest */;
			productType = "com.apple.product-type.bundle.unit-test";
		};
/* End PBXNativeTarget section */

/* Begin PBXProject section */
		1CD8FF9D1B7EA705002E6108 /* Project object */ = {
			isa = PBXProject;
			attributes = {
				LastUpgradeCheck = 0630;
				ORGANIZATIONNAME = Muddlegeist;
				TargetAttributes = {
					1CD8FFA41B7EA705002E6108 = {
						CreatedOnToolsVersion = 6.3.2;
					};
					1CD8FFBD1B7EA705002E6108 = {
						CreatedOnToolsVersion = 6.3.2;
						TestTargetID = 1CD8FFA41B7EA705002E6108;
					};
				};
			};
			buildConfigurationList = 1CD8FFA01B7EA705002E6108 /* Build configuration list for PBXProject "GrappleSkunk" */;
			compatibilityVersion = "Xcode 3.2";
			developmentRegion = English;
			hasScannedForEncodings = 0;
			knownRegions = (
				en,
				Base,
			);
			mainGroup = 1CD8FF9C1B7EA705002E6108;
			productRefGroup = 1CD8FFA61B7EA705002E6108 /* Products */;
			projectDirPath = "";
			projectRoot = "";
			targets = (
				1CD8FFA41B7EA705002E6108 /* GrappleSkunk */,
				1CD8FFBD1B7EA705002E6108 /* GrappleSkunkTests */,
			);
		};
/* End PBXProject section */

/* Begin PBXResourcesBuildPhase section */
		1CD8FFA31B7EA705002E6108 /* Resources */ = {
			isa = PBXResourcesBuildPhase;
			buildActionMask = 2147483647;
			files = (
				1CD8FFB61B7EA705002E6108 /* Images.xcassets in Resources */,
				1CD8FFEB1B7ED8B8002E6108 /* stockprices.json in Resources */,
				1CADB4411B810AFD00A4B053 /* skunk-clip-art-skunk-6.png in Resources */,
				1CD8FFB91B7EA705002E6108 /* Main.storyboard in Resources */,
			);
			runOnlyForDeploymentPostprocessing = 0;
		};
		1CD8FFBC1B7EA705002E6108 /* Resources */ = {
			isa = PBXResourcesBuildPhase;
			buildActionMask = 2147483647;
			files = (
			);
			runOnlyForDeploymentPostprocessing = 0;
		};
/* End PBXResourcesBuildPhase section */

/* Begin PBXSourcesBuildPhase section */
		1CD8FFA11B7EA705002E6108 /* Sources */ = {
			isa = PBXSourcesBuildPhase;
			buildActionMask = 2147483647;
			files = (
				1CD8FFF41B80022B002E6108 /* MovingSpotEntity.m in Sources */,
				1CD8FFB41B7EA705002E6108 /* GrappleSkunk.xcdatamodeld in Sources */,
				1CD8FFFC1B801A76002E6108 /* MainWindowController.m in Sources */,
				1CADB43E1B8108D300A4B053 /* MGSkunkView.m in Sources */,
				1CD8FFE51B7EBFE4002E6108 /* GraphMachine.m in Sources */,
				1CD8FFDE1B7EB18B002E6108 /* SpotEntity.m in Sources */,
				1CD8FFDD1B7EB18B002E6108 /* SpotControlView.m in Sources */,
				1CD800081B8043EE002E6108 /* MMDDFormatter.m in Sources */,
				1CD8FFFF1B802F89002E6108 /* PathFactory.m in Sources */,
				1CD8FFF71B8006FC002E6108 /* NSBezierPath+QuartzPath.m in Sources */,
				1CD8FFD01B7EA7B9002E6108 /* MGGraphView.m in Sources */,
				1CD8FFE81B7ED4B6002E6108 /* GrappleSkunkEngine.m in Sources */,
				1CD8FFB11B7EA705002E6108 /* ViewController.m in Sources */,
				1CD8000B1B804589002E6108 /* DollarFormatter.m in Sources */,
				1CD8FFAE1B7EA705002E6108 /* main.m in Sources */,
				1CD8FFAC1B7EA705002E6108 /* AppDelegate.m in Sources */,
			);
			runOnlyForDeploymentPostprocessing = 0;
		};
		1CD8FFBA1B7EA705002E6108 /* Sources */ = {
			isa = PBXSourcesBuildPhase;
			buildActionMask = 2147483647;
			files = (
				1CD8FFC51B7EA705002E6108 /* GrappleSkunkTests.m in Sources */,
			);
			runOnlyForDeploymentPostprocessing = 0;
		};
/* End PBXSourcesBuildPhase section */

/* Begin PBXTargetDependency section */
		1CD8FFC01B7EA705002E6108 /* PBXTargetDependency */ = {
			isa = PBXTargetDependency;
			target = 1CD8FFA41B7EA705002E6108 /* GrappleSkunk */;
			targetProxy = 1CD8FFBF1B7EA705002E6108 /* PBXContainerItemProxy */;
		};
/* End PBXTargetDependency section */

/* Begin PBXVariantGroup section */
		1CD8FFB71B7EA705002E6108 /* Main.storyboard */ = {
			isa = PBXVariantGroup;
			children = (
				1CD8FFB81B7EA705002E6108 /* Base */,
			);
			name = Main.storyboard;
			sourceTree = "<group>";
		};
/* End PBXVariantGroup section */

/* Begin XCBuildConfiguration section */
		1CD8FFC61B7EA705002E6108 /* Debug */ = {
			isa = XCBuildConfiguration;
			buildSettings = {
				ALWAYS_SEARCH_USER_PATHS = NO;
				CLANG_CXX_LANGUAGE_STANDARD = "gnu++0x";
				CLANG_CXX_LIBRARY = "libc++";
				CLANG_ENABLE_MODULES = YES;
				CLANG_ENABLE_OBJC_ARC = YES;
				CLANG_WARN_BOOL_CONVERSION = YES;
				CLANG_WARN_CONSTANT_CONVERSION = YES;
				CLANG_WARN_DIRECT_OBJC_ISA_USAGE = YES_ERROR;
				CLANG_WARN_EMPTY_BODY = YES;
				CLANG_WARN_ENUM_CONVERSION = YES;
				CLANG_WARN_INT_CONVERSION = YES;
				CLANG_WARN_OBJC_ROOT_CLASS = YES_ERROR;
				CLANG_WARN_UNREACHABLE_CODE = YES;
				CLANG_WARN__DUPLICATE_METHOD_MATCH = YES;
				CODE_SIGN_IDENTITY = "-";
				COPY_PHASE_STRIP = NO;
				DEBUG_INFORMATION_FORMAT = dwarf;
				ENABLE_STRICT_OBJC_MSGSEND = YES;
				GCC_C_LANGUAGE_STANDARD = gnu99;
				GCC_DYNAMIC_NO_PIC = NO;
				GCC_NO_COMMON_BLOCKS = YES;
				GCC_OPTIMIZATION_LEVEL = 0;
				GCC_PREPROCESSOR_DEFINITIONS = (
					"DEBUG=1",
					"$(inherited)",
				);
				GCC_SYMBOLS_PRIVATE_EXTERN = NO;
				GCC_WARN_64_TO_32_BIT_CONVERSION = YES;
				GCC_WARN_ABOUT_RETURN_TYPE = YES_ERROR;
				GCC_WARN_UNDECLARED_SELECTOR = YES;
				GCC_WARN_UNINITIALIZED_AUTOS = YES_AGGRESSIVE;
				GCC_WARN_UNUSED_FUNCTION = YES;
				GCC_WARN_UNUSED_VARIABLE = YES;
				MACOSX_DEPLOYMENT_TARGET = 10.10;
				MTL_ENABLE_DEBUG_INFO = YES;
				ONLY_ACTIVE_ARCH = YES;
				SDKROOT = macosx;
			};
			name = Debug;
		};
		1CD8FFC71B7EA705002E6108 /* Release */ = {
			isa = XCBuildConfiguration;
			buildSettings = {
				ALWAYS_SEARCH_USER_PATHS = NO;
				CLANG_CXX_LANGUAGE_STANDARD = "gnu++0x";
				CLANG_CXX_LIBRARY = "libc++";
				CLANG_ENABLE_MODULES = YES;
				CLANG_ENABLE_OBJC_ARC = YES;
				CLANG_WARN_BOOL_CONVERSION = YES;
				CLANG_WARN_CONSTANT_CONVERSION = YES;
				CLANG_WARN_DIRECT_OBJC_ISA_USAGE = YES_ERROR;
				CLANG_WARN_EMPTY_BODY = YES;
				CLANG_WARN_ENUM_CONVERSION = YES;
				CLANG_WARN_INT_CONVERSION = YES;
				CLANG_WARN_OBJC_ROOT_CLASS = YES_ERROR;
				CLANG_WARN_UNREACHABLE_CODE = YES;
				CLANG_WARN__DUPLICATE_METHOD_MATCH = YES;
				CODE_SIGN_IDENTITY = "-";
				COPY_PHASE_STRIP = NO;
				DEBUG_INFORMATION_FORMAT = "dwarf-with-dsym";
				ENABLE_NS_ASSERTIONS = NO;
				ENABLE_STRICT_OBJC_MSGSEND = YES;
				GCC_C_LANGUAGE_STANDARD = gnu99;
				GCC_NO_COMMON_BLOCKS = YES;
				GCC_WARN_64_TO_32_BIT_CONVERSION = YES;
				GCC_WARN_ABOUT_RETURN_TYPE = YES_ERROR;
				GCC_WARN_UNDECLARED_SELECTOR = YES;
				GCC_WARN_UNINITIALIZED_AUTOS = YES_AGGRESSIVE;
				GCC_WARN_UNUSED_FUNCTION = YES;
				GCC_WARN_UNUSED_VARIABLE = YES;
				MACOSX_DEPLOYMENT_TARGET = 10.10;
				MTL_ENABLE_DEBUG_INFO = NO;
				SDKROOT = macosx;
			};
			name = Release;
		};
		1CD8FFC91B7EA705002E6108 /* Debug */ = {
			isa = XCBuildConfiguration;
			buildSettings = {
				ALWAYS_SEARCH_USER_PATHS = YES;
				ASSETCATALOG_COMPILER_APPICON_NAME = AppIcon;
				COMBINE_HIDPI_IMAGES = YES;
				HEADER_SEARCH_PATHS = (
					"$(inherited)",
					/Applications/Xcode.app/Contents/Developer/Toolchains/XcodeDefault.xctoolchain/usr/include,
					Classes/Value,
				);
				INFOPLIST_FILE = GrappleSkunk/Info.plist;
				LD_RUNPATH_SEARCH_PATHS = "$(inherited) @executable_path/../Frameworks";
				PRODUCT_NAME = "$(TARGET_NAME)";
			};
			name = Debug;
		};
		1CD8FFCA1B7EA705002E6108 /* Release */ = {
			isa = XCBuildConfiguration;
			buildSettings = {
				ALWAYS_SEARCH_USER_PATHS = YES;
				ASSETCATALOG_COMPILER_APPICON_NAME = AppIcon;
				COMBINE_HIDPI_IMAGES = YES;
				HEADER_SEARCH_PATHS = (
					"$(inherited)",
					/Applications/Xcode.app/Contents/Developer/Toolchains/XcodeDefault.xctoolchain/usr/include,
					Classes/Value,
				);
				INFOPLIST_FILE = GrappleSkunk/Info.plist;
				LD_RUNPATH_SEARCH_PATHS = "$(inherited) @executable_path/../Frameworks";
				PRODUCT_NAME = "$(TARGET_NAME)";
			};
			name = Release;
		};
		1CD8FFCC1B7EA705002E6108 /* Debug */ = {
			isa = XCBuildConfiguration;
			buildSettings = {
				BUNDLE_LOADER = "$(TEST_HOST)";
				COMBINE_HIDPI_IMAGES = YES;
				FRAMEWORK_SEARCH_PATHS = (
					"$(DEVELOPER_FRAMEWORKS_DIR)",
					"$(inherited)",
				);
				GCC_PREPROCESSOR_DEFINITIONS = (
					"DEBUG=1",
					"$(inherited)",
				);
				INFOPLIST_FILE = GrappleSkunkTests/Info.plist;
				LD_RUNPATH_SEARCH_PATHS = "$(inherited) @executable_path/../Frameworks @loader_path/../Frameworks";
				PRODUCT_NAME = "$(TARGET_NAME)";
				TEST_HOST = "$(BUILT_PRODUCTS_DIR)/GrappleSkunk.app/Contents/MacOS/GrappleSkunk";
			};
			name = Debug;
		};
		1CD8FFCD1B7EA705002E6108 /* Release */ = {
			isa = XCBuildConfiguration;
			buildSettings = {
				BUNDLE_LOADER = "$(TEST_HOST)";
				COMBINE_HIDPI_IMAGES = YES;
				FRAMEWORK_SEARCH_PATHS = (
					"$(DEVELOPER_FRAMEWORKS_DIR)",
					"$(inherited)",
				);
				INFOPLIST_FILE = GrappleSkunkTests/Info.plist;
				LD_RUNPATH_SEARCH_PATHS = "$(inherited) @executable_path/../Frameworks @loader_path/../Frameworks";
				PRODUCT_NAME = "$(TARGET_NAME)";
				TEST_HOST = "$(BUILT_PRODUCTS_DIR)/GrappleSkunk.app/Contents/MacOS/GrappleSkunk";
			};
			name = Release;
		};
/* End XCBuildConfiguration section */

/* Begin XCConfigurationList section */
		1CD8FFA01B7EA705002E6108 /* Build configuration list for PBXProject "GrappleSkunk" */ = {
			isa = XCConfigurationList;
			buildConfigurations = (
				1CD8FFC61B7EA705002E6108 /* Debug */,
				1CD8FFC71B7EA705002E6108 /* Release */,
			);
			defaultConfigurationIsVisible = 0;
			defaultConfigurationName = Release;
		};
		1CD8FFC81B7EA705002E6108 /* Build configuration list for PBXNativeTarget "GrappleSkunk" */ = {
			isa = XCConfigurationList;
			buildConfigurations = (
				1CD8FFC91B7EA705002E6108 /* Debug */,
				1CD8FFCA1B7EA705002E6108 /* Release */,
			);
			defaultConfigurationIsVisible = 0;
			defaultConfigurationName = Release;
		};
		1CD8FFCB1B7EA705002E6108 /* Build configuration list for PBXNativeTarget "GrappleSkunkTests" */ = {
			isa = XCConfigurationList;
			buildConfigurations = (
				1CD8FFCC1B7EA705002E6108 /* Debug */,
				1CD8FFCD1B7EA705002E6108 /* Release */,
			);
			defaultConfigurationIsVisible = 0;
			defaultConfigurationName = Release;
		};
/* End XCConfigurationList section */

/* Begin XCVersionGroup section */
		1CD8FFB21B7EA705002E6108 /* GrappleSkunk.xcdatamodeld */ = {
			isa = XCVersionGroup;
			children = (
				1CD8FFB31B7EA705002E6108 /* GrappleSkunk.xcdatamodel */,
			);
			currentVersion = 1CD8FFB31B7EA705002E6108 /* GrappleSkunk.xcdatamodel */;
			path = GrappleSkunk.xcdatamodeld;
			sourceTree = "<group>";
			versionGroupType = wrapper.xcdatamodel;
		};
/* End XCVersionGroup section */
	};
	rootObject = 1CD8FF9D1B7EA705002E6108 /* Project object */;
}
